// !$*UTF8*$!
{
	archiveVersion = 1;
	classes = {
	};
	objectVersion = 48;
	objects = {

/* Begin PBXBuildFile section */
		117733B02051299800371805 /* AppDelegate.m in Sources */ = {isa = PBXBuildFile; fileRef = 117733AF2051299800371805 /* AppDelegate.m */; };
		117733B32051299800371805 /* ViewController.m in Sources */ = {isa = PBXBuildFile; fileRef = 117733B22051299800371805 /* ViewController.m */; };
		117733B62051299800371805 /* Main.storyboard in Resources */ = {isa = PBXBuildFile; fileRef = 117733B42051299800371805 /* Main.storyboard */; };
		117733B82051299800371805 /* Assets.xcassets in Resources */ = {isa = PBXBuildFile; fileRef = 117733B72051299800371805 /* Assets.xcassets */; };
		117733BB2051299800371805 /* LaunchScreen.storyboard in Resources */ = {isa = PBXBuildFile; fileRef = 117733B92051299800371805 /* LaunchScreen.storyboard */; };
		117733BE2051299800371805 /* main.m in Sources */ = {isa = PBXBuildFile; fileRef = 117733BD2051299800371805 /* main.m */; };
		117733C82051299900371805 /* ZYCarViewTests.m in Sources */ = {isa = PBXBuildFile; fileRef = 117733C72051299900371805 /* ZYCarViewTests.m */; };
		117733D32051299900371805 /* ZYCarViewUITests.m in Sources */ = {isa = PBXBuildFile; fileRef = 117733D22051299900371805 /* ZYCarViewUITests.m */; };
/* End PBXBuildFile section */

/* Begin PBXContainerItemProxy section */
		117733C42051299800371805 /* PBXContainerItemProxy */ = {
			isa = PBXContainerItemProxy;
			containerPortal = 117733A32051299800371805 /* Project object */;
			proxyType = 1;
			remoteGlobalIDString = 117733AA2051299800371805;
			remoteInfo = ZYCarView;
		};
		117733CF2051299900371805 /* PBXContainerItemProxy */ = {
			isa = PBXContainerItemProxy;
			containerPortal = 117733A32051299800371805 /* Project object */;
			proxyType = 1;
			remoteGlobalIDString = 117733AA2051299800371805;
			remoteInfo = ZYCarView;
		};
/* End PBXContainerItemProxy section */

/* Begin PBXFileReference section */
		117733AB2051299800371805 /* ZYCarView.app */ = {isa = PBXFileReference; explicitFileType = wrapper.application; includeInIndex = 0; path = ZYCarView.app; sourceTree = BUILT_PRODUCTS_DIR; };
		117733AE2051299800371805 /* AppDelegate.h */ = {isa = PBXFileReference; lastKnownFileType = sourcecode.c.h; path = AppDelegate.h; sourceTree = "<group>"; };
		117733AF2051299800371805 /* AppDelegate.m */ = {isa = PBXFileReference; lastKnownFileType = sourcecode.c.objc; path = AppDelegate.m; sourceTree = "<group>"; };
		117733B12051299800371805 /* ViewController.h */ = {isa = PBXFileReference; lastKnownFileType = sourcecode.c.h; path = ViewController.h; sourceTree = "<group>"; };
		117733B22051299800371805 /* ViewController.m */ = {isa = PBXFileReference; lastKnownFileType = sourcecode.c.objc; path = ViewController.m; sourceTree = "<group>"; };
		117733B52051299800371805 /* Base */ = {isa = PBXFileReference; lastKnownFileType = file.storyboard; name = Base; path = Base.lproj/Main.storyboard; sourceTree = "<group>"; };
		117733B72051299800371805 /* Assets.xcassets */ = {isa = PBXFileReference; lastKnownFileType = folder.assetcatalog; path = Assets.xcassets; sourceTree = "<group>"; };
		117733BA2051299800371805 /* Base */ = {isa = PBXFileReference; lastKnownFileType = file.storyboard; name = Base; path = Base.lproj/LaunchScreen.storyboard; sourceTree = "<group>"; };
		117733BC2051299800371805 /* Info.plist */ = {isa = PBXFileReference; lastKnownFileType = text.plist.xml; path = Info.plist; sourceTree = "<group>"; };
		117733BD2051299800371805 /* main.m */ = {isa = PBXFileReference; lastKnownFileType = sourcecode.c.objc; path = main.m; sourceTree = "<group>"; };
		117733C32051299800371805 /* ZYCarViewTests.xctest */ = {isa = PBXFileReference; explicitFileType = wrapper.cfbundle; includeInIndex = 0; path = ZYCarViewTests.xctest; sourceTree = BUILT_PRODUCTS_DIR; };
		117733C72051299900371805 /* ZYCarViewTests.m */ = {isa = PBXFileReference; lastKnownFileType = sourcecode.c.objc; path = ZYCarViewTests.m; sourceTree = "<group>"; };
		117733C92051299900371805 /* Info.plist */ = {isa = PBXFileReference; lastKnownFileType = text.plist.xml; path = Info.plist; sourceTree = "<group>"; };
		117733CE2051299900371805 /* ZYCarViewUITests.xctest */ = {isa = PBXFileReference; explicitFileType = wrapper.cfbundle; includeInIndex = 0; path = ZYCarViewUITests.xctest; sourceTree = BUILT_PRODUCTS_DIR; };
		117733D22051299900371805 /* ZYCarViewUITests.m */ = {isa = PBXFileReference; lastKnownFileType = sourcecode.c.objc; path = ZYCarViewUITests.m; sourceTree = "<group>"; };
		117733D42051299900371805 /* Info.plist */ = {isa = PBXFileReference; lastKnownFileType = text.plist.xml; path = Info.plist; sourceTree = "<group>"; };
/* End PBXFileReference section */

/* Begin PBXFrameworksBuildPhase section */
		117733A82051299800371805 /* Frameworks */ = {
			isa = PBXFrameworksBuildPhase;
			buildActionMask = 2147483647;
			files = (
			);
			runOnlyForDeploymentPostprocessing = 0;
		};
		117733C02051299800371805 /* Frameworks */ = {
			isa = PBXFrameworksBuildPhase;
			buildActionMask = 2147483647;
			files = (
			);
			runOnlyForDeploymentPostprocessing = 0;
		};
		117733CB2051299900371805 /* Frameworks */ = {
			isa = PBXFrameworksBuildPhase;
			buildActionMask = 2147483647;
			files = (
			);
			runOnlyForDeploymentPostprocessing = 0;
		};
/* End PBXFrameworksBuildPhase section */

/* Begin PBXGroup section */
		117733A22051299800371805 = {
			isa = PBXGroup;
			children = (
				117733AD2051299800371805 /* ZYCarView */,
				117733C62051299900371805 /* ZYCarViewTests */,
				117733D12051299900371805 /* ZYCarViewUITests */,
				117733AC2051299800371805 /* Products */,
			);
			sourceTree = "<group>";
		};
		117733AC2051299800371805 /* Products */ = {
			isa = PBXGroup;
			children = (
				117733AB2051299800371805 /* ZYCarView.app */,
				117733C32051299800371805 /* ZYCarViewTests.xctest */,
				117733CE2051299900371805 /* ZYCarViewUITests.xctest */,
			);
			name = Products;
			sourceTree = "<group>";
		};
		117733AD2051299800371805 /* ZYCarView */ = {
			isa = PBXGroup;
			children = (
				117733AE2051299800371805 /* AppDelegate.h */,
				117733AF2051299800371805 /* AppDelegate.m */,
				117733B12051299800371805 /* ViewController.h */,
				117733B22051299800371805 /* ViewController.m */,
				117733B42051299800371805 /* Main.storyboard */,
				117733B72051299800371805 /* Assets.xcassets */,
				117733B92051299800371805 /* LaunchScreen.storyboard */,
				117733BC2051299800371805 /* Info.plist */,
				117733BD2051299800371805 /* main.m */,
			);
			path = ZYCarView;
			sourceTree = "<group>";
		};
		117733C62051299900371805 /* ZYCarViewTests */ = {
			isa = PBXGroup;
			children = (
				117733C72051299900371805 /* ZYCarViewTests.m */,
				117733C92051299900371805 /* Info.plist */,
			);
			path = ZYCarViewTests;
			sourceTree = "<group>";
		};
		117733D12051299900371805 /* ZYCarViewUITests */ = {
			isa = PBXGroup;
			children = (
				117733D22051299900371805 /* ZYCarViewUITests.m */,
				117733D42051299900371805 /* Info.plist */,
			);
			path = ZYCarViewUITests;
			sourceTree = "<group>";
		};
/* End PBXGroup section */

/* Begin PBXNativeTarget section */
		117733AA2051299800371805 /* ZYCarView */ = {
			isa = PBXNativeTarget;
			buildConfigurationList = 117733D72051299900371805 /* Build configuration list for PBXNativeTarget "ZYCarView" */;
			buildPhases = (
				117733A72051299800371805 /* Sources */,
				117733A82051299800371805 /* Frameworks */,
				117733A92051299800371805 /* Resources */,
			);
			buildRules = (
			);
			dependencies = (
			);
			name = ZYCarView;
			productName = ZYCarView;
			productReference = 117733AB2051299800371805 /* ZYCarView.app */;
			productType = "com.apple.product-type.application";
		};
		117733C22051299800371805 /* ZYCarViewTests */ = {
			isa = PBXNativeTarget;
			buildConfigurationList = 117733DA2051299900371805 /* Build configuration list for PBXNativeTarget "ZYCarViewTests" */;
			buildPhases = (
				117733BF2051299800371805 /* Sources */,
				117733C02051299800371805 /* Frameworks */,
				117733C12051299800371805 /* Resources */,
			);
			buildRules = (
			);
			dependencies = (
				117733C52051299800371805 /* PBXTargetDependency */,
			);
			name = ZYCarViewTests;
			productName = ZYCarViewTests;
			productReference = 117733C32051299800371805 /* ZYCarViewTests.xctest */;
			productType = "com.apple.product-type.bundle.unit-test";
		};
		117733CD2051299900371805 /* ZYCarViewUITests */ = {
			isa = PBXNativeTarget;
			buildConfigurationList = 117733DD2051299900371805 /* Build configuration list for PBXNativeTarget "ZYCarViewUITests" */;
			buildPhases = (
				117733CA2051299900371805 /* Sources */,
				117733CB2051299900371805 /* Frameworks */,
				117733CC2051299900371805 /* Resources */,
			);
			buildRules = (
			);
			dependencies = (
				117733D02051299900371805 /* PBXTargetDependency */,
			);
			name = ZYCarViewUITests;
			productName = ZYCarViewUITests;
			productReference = 117733CE2051299900371805 /* ZYCarViewUITests.xctest */;
			productType = "com.apple.product-type.bundle.ui-testing";
		};
/* End PBXNativeTarget section */

/* Begin PBXProject section */
		117733A32051299800371805 /* Project object */ = {
			isa = PBXProject;
			attributes = {
				LastUpgradeCheck = 0920;
				ORGANIZATIONNAME = ZY;
				TargetAttributes = {
					117733AA2051299800371805 = {
						CreatedOnToolsVersion = 9.2;
						ProvisioningStyle = Automatic;
					};
					117733C22051299800371805 = {
						CreatedOnToolsVersion = 9.2;
						ProvisioningStyle = Automatic;
						TestTargetID = 117733AA2051299800371805;
					};
					117733CD2051299900371805 = {
						CreatedOnToolsVersion = 9.2;
						ProvisioningStyle = Automatic;
						TestTargetID = 117733AA2051299800371805;
					};
				};
			};
			buildConfigurationList = 117733A62051299800371805 /* Build configuration list for PBXProject "ZYCarView" */;
			compatibilityVersion = "Xcode 8.0";
			developmentRegion = en;
			hasScannedForEncodings = 0;
			knownRegions = (
				en,
				Base,
			);
			mainGroup = 117733A22051299800371805;
			productRefGroup = 117733AC2051299800371805 /* Products */;
			projectDirPath = "";
			projectRoot = "";
			targets = (
				117733AA2051299800371805 /* ZYCarView */,
				117733C22051299800371805 /* ZYCarViewTests */,
				117733CD2051299900371805 /* ZYCarViewUITests */,
			);
		};
/* End PBXProject section */

/* Begin PBXResourcesBuildPhase section */
		117733A92051299800371805 /* Resources */ = {
			isa = PBXResourcesBuildPhase;
			buildActionMask = 2147483647;
			files = (
				117733BB2051299800371805 /* LaunchScreen.storyboard in Resources */,
				117733B82051299800371805 /* Assets.xcassets in Resources */,
				117733B62051299800371805 /* Main.storyboard in Resources */,
			);
			runOnlyForDeploymentPostprocessing = 0;
		};
		117733C12051299800371805 /* Resources */ = {
			isa = PBXResourcesBuildPhase;
			buildActionMask = 2147483647;
			files = (
			);
			runOnlyForDeploymentPostprocessing = 0;
		};
		117733CC2051299900371805 /* Resources */ = {
			isa = PBXResourcesBuildPhase;
			buildActionMask = 2147483647;
			files = (
			);
			runOnlyForDeploymentPostprocessing = 0;
		};
/* End PBXResourcesBuildPhase section */

/* Begin PBXSourcesBuildPhase section */
		117733A72051299800371805 /* Sources */ = {
			isa = PBXSourcesBuildPhase;
			buildActionMask = 2147483647;
			files = (
				117733B32051299800371805 /* ViewController.m in Sources */,
				117733BE2051299800371805 /* main.m in Sources */,
				117733B02051299800371805 /* AppDelegate.m in Sources */,
			);
			runOnlyForDeploymentPostprocessing = 0;
		};
		117733BF2051299800371805 /* Sources */ = {
			isa = PBXSourcesBuildPhase;
			buildActionMask = 2147483647;
			files = (
				117733C82051299900371805 /* ZYCarViewTests.m in Sources */,
			);
			runOnlyForDeploymentPostprocessing = 0;
		};
		117733CA2051299900371805 /* Sources */ = {
			isa = PBXSourcesBuildPhase;
			buildActionMask = 2147483647;
			files = (
				117733D32051299900371805 /* ZYCarViewUITests.m in Sources */,
			);
			runOnlyForDeploymentPostprocessing = 0;
		};
/* End PBXSourcesBuildPhase section */

/* Begin PBXTargetDependency section */
		117733C52051299800371805 /* PBXTargetDependency */ = {
			isa = PBXTargetDependency;
			target = 117733AA2051299800371805 /* ZYCarView */;
			targetProxy = 117733C42051299800371805 /* PBXContainerItemProxy */;
		};
		117733D02051299900371805 /* PBXTargetDependency */ = {
			isa = PBXTargetDependency;
			target = 117733AA2051299800371805 /* ZYCarView */;
			targetProxy = 117733CF2051299900371805 /* PBXContainerItemProxy */;
		};
/* End PBXTargetDependency section */

/* Begin PBXVariantGroup section */
		117733B42051299800371805 /* Main.storyboard */ = {
			isa = PBXVariantGroup;
			children = (
				117733B52051299800371805 /* Base */,
			);
			name = Main.storyboard;
			sourceTree = "<group>";
		};
		117733B92051299800371805 /* LaunchScreen.storyboard */ = {
			isa = PBXVariantGroup;
			children = (
				117733BA2051299800371805 /* Base */,
			);
			name = LaunchScreen.storyboard;
			sourceTree = "<group>";
		};
/* End PBXVariantGroup section */

/* Begin XCBuildConfiguration section */
		117733D52051299900371805 /* Debug */ = {
			isa = XCBuildConfiguration;
			buildSettings = {
				ALWAYS_SEARCH_USER_PATHS = NO;
				CLANG_ANALYZER_NONNULL = YES;
				CLANG_ANALYZER_NUMBER_OBJECT_CONVERSION = YES_AGGRESSIVE;
				CLANG_CXX_LANGUAGE_STANDARD = "gnu++14";
				CLANG_CXX_LIBRARY = "libc++";
				CLANG_ENABLE_MODULES = YES;
				CLANG_ENABLE_OBJC_ARC = YES;
				CLANG_WARN_BLOCK_CAPTURE_AUTORELEASING = YES;
				CLANG_WARN_BOOL_CONVERSION = YES;
				CLANG_WARN_COMMA = YES;
				CLANG_WARN_CONSTANT_CONVERSION = YES;
				CLANG_WARN_DIRECT_OBJC_ISA_USAGE = YES_ERROR;
				CLANG_WARN_DOCUMENTATION_COMMENTS = YES;
				CLANG_WARN_EMPTY_BODY = YES;
				CLANG_WARN_ENUM_CONVERSION = YES;
				CLANG_WARN_INFINITE_RECURSION = YES;
				CLANG_WARN_INT_CONVERSION = YES;
				CLANG_WARN_NON_LITERAL_NULL_CONVERSION = YES;
				CLANG_WARN_OBJC_LITERAL_CONVERSION = YES;
				CLANG_WARN_OBJC_ROOT_CLASS = YES_ERROR;
				CLANG_WARN_RANGE_LOOP_ANALYSIS = YES;
				CLANG_WARN_STRICT_PROTOTYPES = YES;
				CLANG_WARN_SUSPICIOUS_MOVE = YES;
				CLANG_WARN_UNGUARDED_AVAILABILITY = YES_AGGRESSIVE;
				CLANG_WARN_UNREACHABLE_CODE = YES;
				CLANG_WARN__DUPLICATE_METHOD_MATCH = YES;
				CODE_SIGN_IDENTITY = "iPhone Developer";
				COPY_PHASE_STRIP = NO;
				DEBUG_INFORMATION_FORMAT = dwarf;
				ENABLE_STRICT_OBJC_MSGSEND = YES;
				ENABLE_TESTABILITY = YES;
				GCC_C_LANGUAGE_STANDARD = gnu11;
				GCC_DYNAMIC_NO_PIC = NO;
				GCC_NO_COMMON_BLOCKS = YES;
				GCC_OPTIMIZATION_LEVEL = 0;
				GCC_PREPROCESSOR_DEFINITIONS = (
					"DEBUG=1",
					"$(inherited)",
				);
				GCC_WARN_64_TO_32_BIT_CONVERSION = YES;
				GCC_WARN_ABOUT_RETURN_TYPE = YES_ERROR;
				GCC_WARN_UNDECLARED_SELECTOR = YES;
				GCC_WARN_UNINITIALIZED_AUTOS = YES_AGGRESSIVE;
				GCC_WARN_UNUSED_FUNCTION = YES;
				GCC_WARN_UNUSED_VARIABLE = YES;
				IPHONEOS_DEPLOYMENT_TARGET = 11.2;
				MTL_ENABLE_DEBUG_INFO = YES;
				ONLY_ACTIVE_ARCH = YES;
				SDKROOT = iphoneos;
			};
			name = Debug;
		};
		117733D62051299900371805 /* Release */ = {
			isa = XCBuildConfiguration;
			buildSettings = {
				ALWAYS_SEARCH_USER_PATHS = NO;
				CLANG_ANALYZER_NONNULL = YES;
				CLANG_ANALYZER_NUMBER_OBJECT_CONVERSION = YES_AGGRESSIVE;
				CLANG_CXX_LANGUAGE_STANDARD = "gnu++14";
				CLANG_CXX_LIBRARY = "libc++";
				CLANG_ENABLE_MODULES = YES;
				CLANG_ENABLE_OBJC_ARC = YES;
				CLANG_WARN_BLOCK_CAPTURE_AUTORELEASING = YES;
				CLANG_WARN_BOOL_CONVERSION = YES;
				CLANG_WARN_COMMA = YES;
				CLANG_WARN_CONSTANT_CONVERSION = YES;
				CLANG_WARN_DIRECT_OBJC_ISA_USAGE = YES_ERROR;
				CLANG_WARN_DOCUMENTATION_COMMENTS = YES;
				CLANG_WARN_EMPTY_BODY = YES;
				CLANG_WARN_ENUM_CONVERSION = YES;
				CLANG_WARN_INFINITE_RECURSION = YES;
				CLANG_WARN_INT_CONVERSION = YES;
				CLANG_WARN_NON_LITERAL_NULL_CONVERSION = YES;
				CLANG_WARN_OBJC_LITERAL_CONVERSION = YES;
				CLANG_WARN_OBJC_ROOT_CLASS = YES_ERROR;
				CLANG_WARN_RANGE_LOOP_ANALYSIS = YES;
				CLANG_WARN_STRICT_PROTOTYPES = YES;
				CLANG_WARN_SUSPICIOUS_MOVE = YES;
				CLANG_WARN_UNGUARDED_AVAILABILITY = YES_AGGRESSIVE;
				CLANG_WARN_UNREACHABLE_CODE = YES;
				CLANG_WARN__DUPLICATE_METHOD_MATCH = YES;
				CODE_SIGN_IDENTITY = "iPhone Developer";
				COPY_PHASE_STRIP = NO;
				DEBUG_INFORMATION_FORMAT = "dwarf-with-dsym";
				ENABLE_NS_ASSERTIONS = NO;
				ENABLE_STRICT_OBJC_MSGSEND = YES;
				GCC_C_LANGUAGE_STANDARD = gnu11;
				GCC_NO_COMMON_BLOCKS = YES;
				GCC_WARN_64_TO_32_BIT_CONVERSION = YES;
				GCC_WARN_ABOUT_RETURN_TYPE = YES_ERROR;
				GCC_WARN_UNDECLARED_SELECTOR = YES;
				GCC_WARN_UNINITIALIZED_AUTOS = YES_AGGRESSIVE;
				GCC_WARN_UNUSED_FUNCTION = YES;
				GCC_WARN_UNUSED_VARIABLE = YES;
				IPHONEOS_DEPLOYMENT_TARGET = 11.2;
				MTL_ENABLE_DEBUG_INFO = NO;
				SDKROOT = iphoneos;
				VALIDATE_PRODUCT = YES;
			};
			name = Release;
		};
		117733D82051299900371805 /* Debug */ = {
			isa = XCBuildConfiguration;
			buildSettings = {
				ASSETCATALOG_COMPILER_APPICON_NAME = AppIcon;
				CODE_SIGN_STYLE = Automatic;
				INFOPLIST_FILE = ZYCarView/Info.plist;
				LD_RUNPATH_SEARCH_PATHS = "$(inherited) @executable_path/Frameworks";
				PRODUCT_BUNDLE_IDENTIFIER = ZY.ZYCarView;
				PRODUCT_NAME = "$(TARGET_NAME)";
				TARGETED_DEVICE_FAMILY = "1,2";
			};
			name = Debug;
		};
		117733D92051299900371805 /* Release */ = {
			isa = XCBuildConfiguration;
			buildSettings = {
				ASSETCATALOG_COMPILER_APPICON_NAME = AppIcon;
				CODE_SIGN_STYLE = Automatic;
				INFOPLIST_FILE = ZYCarView/Info.plist;
				LD_RUNPATH_SEARCH_PATHS = "$(inherited) @executable_path/Frameworks";
				PRODUCT_BUNDLE_IDENTIFIER = ZY.ZYCarView;
				PRODUCT_NAME = "$(TARGET_NAME)";
				TARGETED_DEVICE_FAMILY = "1,2";
			};
			name = Release;
		};
		117733DB2051299900371805 /* Debug */ = {
			isa = XCBuildConfiguration;
			buildSettings = {
				BUNDLE_LOADER = "$(TEST_HOST)";
				CODE_SIGN_STYLE = Automatic;
				INFOPLIST_FILE = ZYCarViewTests/Info.plist;
				LD_RUNPATH_SEARCH_PATHS = "$(inherited) @executable_path/Frameworks @loader_path/Frameworks";
				PRODUCT_BUNDLE_IDENTIFIER = ZY.ZYCarViewTests;
				PRODUCT_NAME = "$(TARGET_NAME)";
				TARGETED_DEVICE_FAMILY = "1,2";
				TEST_HOST = "$(BUILT_PRODUCTS_DIR)/ZYCarView.app/ZYCarView";
			};
			name = Debug;
		};
		117733DC2051299900371805 /* Release */ = {
			isa = XCBuildConfiguration;
			buildSettings = {
				BUNDLE_LOADER = "$(TEST_HOST)";
				CODE_SIGN_STYLE = Automatic;
				INFOPLIST_FILE = ZYCarViewTests/Info.plist;
				LD_RUNPATH_SEARCH_PATHS = "$(inherited) @executable_path/Frameworks @loader_path/Frameworks";
				PRODUCT_BUNDLE_IDENTIFIER = ZY.ZYCarViewTests;
				PRODUCT_NAME = "$(TARGET_NAME)";
				TARGETED_DEVICE_FAMILY = "1,2";
				TEST_HOST = "$(BUILT_PRODUCTS_DIR)/ZYCarView.app/ZYCarView";
			};
			name = Release;
		};
		117733DE2051299900371805 /* Debug */ = {
			isa = XCBuildConfiguration;
			buildSettings = {
				CODE_SIGN_STYLE = Automatic;
				INFOPLIST_FILE = ZYCarViewUITests/Info.plist;
				LD_RUNPATH_SEARCH_PATHS = "$(inherited) @executable_path/Frameworks @loader_path/Frameworks";
				PRODUCT_BUNDLE_IDENTIFIER = ZY.ZYCarViewUITests;
				PRODUCT_NAME = "$(TARGET_NAME)";
				TARGETED_DEVICE_FAMILY = "1,2";
				TEST_TARGET_NAME = ZYCarView;
			};
			name = Debug;
		};
		117733DF2051299900371805 /* Release */ = {
			isa = XCBuildConfiguration;
			buildSettings = {
				CODE_SIGN_STYLE = Automatic;
				INFOPLIST_FILE = ZYCarViewUITests/Info.plist;
				LD_RUNPATH_SEARCH_PATHS = "$(inherited) @executable_path/Frameworks @loader_path/Frameworks";
				PRODUCT_BUNDLE_IDENTIFIER = ZY.ZYCarViewUITests;
				PRODUCT_NAME = "$(TARGET_NAME)";
				TARGETED_DEVICE_FAMILY = "1,2";
				TEST_TARGET_NAME = ZYCarView;
			};
			name = Release;
		};
/* End XCBuildConfiguration section */

/* Begin XCConfigurationList section */
		117733A62051299800371805 /* Build configuration list for PBXProject "ZYCarView" */ = {
			isa = XCConfigurationList;
			buildConfigurations = (
				117733D52051299900371805 /* Debug */,
				117733D62051299900371805 /* Release */,
			);
			defaultConfigurationIsVisible = 0;
			defaultConfigurationName = Release;
		};
		117733D72051299900371805 /* Build configuration list for PBXNativeTarget "ZYCarView" */ = {
			isa = XCConfigurationList;
			buildConfigurations = (
				117733D82051299900371805 /* Debug */,
				117733D92051299900371805 /* Release */,
			);
			defaultConfigurationIsVisible = 0;
			defaultConfigurationName = Release;
		};
		117733DA2051299900371805 /* Build configuration list for PBXNativeTarget "ZYCarViewTests" */ = {
			isa = XCConfigurationList;
			buildConfigurations = (
				117733DB2051299900371805 /* Debug */,
				117733DC2051299900371805 /* Release */,
			);
			defaultConfigurationIsVisible = 0;
			defaultConfigurationName = Release;
		};
		117733DD2051299900371805 /* Build configuration list for PBXNativeTarget "ZYCarViewUITests" */ = {
			isa = XCConfigurationList;
			buildConfigurations = (
				117733DE2051299900371805 /* Debug */,
				117733DF2051299900371805 /* Release */,
			);
			defaultConfigurationIsVisible = 0;
			defaultConfigurationName = Release;
		};
/* End XCConfigurationList section */
	};
	rootObject = 117733A32051299800371805 /* Project object */;
}
